version = 1
revision = 3
requires-python = ">=3.13.2"
resolution-markers = [
    "python_full_version >= '3.14'",
    "python_full_version < '3.14'",
]
[[package]]
name = "acme"
version = "5.0.0"
source = { registry = "https://pypi.org/simple" }
dependencies = [
    { name = "cryptography" },
    { name = "josepy" },
    { name = "pyopenssl" },
    { name = "pyrfc3339" },
    { name = "requests" },
]
sdist = { url = "https://files.pythonhosted.org/packages/9f/11/2a8767ea1bac25ca73d952ca1d8bd701a65c84057e4ead8bda82fb086d9c/acme-5.0.0.tar.gz", hash = "sha256:b701b23e66d3c58352896a72caa13523d9f72b183a0ba1cde93e6713a450a391", size = 89872, upload-time = "2025-09-02T17:03:39.093Z" }
wheels = [
    { url = "https://files.pythonhosted.org/packages/2b/60/f9786f18cfa61fd77ce1f374bb508708468c56b25d6c1dde2d2e5907347b/acme-5.0.0-py3-none-any.whl", hash = "sha256:b7923d1105f3df7f0c94bab90fc3006e9a0de0597baf82dedfc8ed24889f56dc", size = 94061, upload-time = "2025-09-02T17:03:16.236Z" },
]
[[package]]
name = "aiodns"
version = "3.5.0"
source = { registry = "https://pypi.org/simple" }
dependencies = [
    { name = "pycares" },
]
sdist = { url = "https://files.pythonhosted.org/packages/17/0a/163e5260cecc12de6abc259d158d9da3b8ec062ab863107dcdb1166cdcef/aiodns-3.5.0.tar.gz", hash = "sha256:11264edbab51896ecf546c18eb0dd56dff0428c6aa6d2cd87e643e07300eb310", size = 14380, upload-time = "2025-06-13T16:21:53.595Z" }
wheels = [
    { url = "https://files.pythonhosted.org/packages/f6/2c/711076e5f5d0707b8ec55a233c8bfb193e0981a800cd1b3b123e8ff61ca1/aiodns-3.5.0-py3-none-any.whl", hash = "sha256:6d0404f7d5215849233f6ee44854f2bb2481adf71b336b2279016ea5990ca5c5", size = 8068, upload-time = "2025-06-13T16:21:52.45Z" },
]
[[package]]
name = "aiohappyeyeballs"
version = "2.6.1"
    { url = "https://files.pythonhosted.org/packages/ba/ba/39b1ecbf51620b40ab402b0fc817f0ff750f6d92712b44689c2c215be89d/yarl-1.20.1-cp313-cp313-win_amd64.whl", hash = "sha256:495b4ef2fea40596bfc0affe3837411d6aa3371abcf31aac0ccc4bdd64d4ef5c", size = 86346, upload-time = "2025-06-10T00:44:51.182Z" },
    { url = "https://files.pythonhosted.org/packages/43/c7/669c52519dca4c95153c8ad96dd123c79f354a376346b198f438e56ffeb4/yarl-1.20.1-cp313-cp313t-macosx_10_13_universal2.whl", hash = "sha256:f60233b98423aab21d249a30eb27c389c14929f47be8430efa7dbd91493a729d", size = 138826, upload-time = "2025-06-10T00:44:52.883Z" },
    { url = "https://files.pythonhosted.org/packages/6a/42/fc0053719b44f6ad04a75d7f05e0e9674d45ef62f2d9ad2c1163e5c05827/yarl-1.20.1-cp313-cp313t-macosx_10_13_x86_64.whl", hash = "sha256:6f3eff4cc3f03d650d8755c6eefc844edde99d641d0dcf4da3ab27141a5f8ddf", size = 93217, upload-time = "2025-06-10T00:44:54.658Z" },
    { url = "https://files.pythonhosted.org/packages/4f/7f/fa59c4c27e2a076bba0d959386e26eba77eb52ea4a0aac48e3515c186b4c/yarl-1.20.1-cp313-cp313t-macosx_11_0_arm64.whl", hash = "sha256:69ff8439d8ba832d6bed88af2c2b3445977eba9a4588b787b32945871c2444e3", size = 92700, upload-time = "2025-06-10T00:44:56.784Z" },
    { url = "https://files.pythonhosted.org/packages/2f/d4/062b2f48e7c93481e88eff97a6312dca15ea200e959f23e96d8ab898c5b8/yarl-1.20.1-cp313-cp313t-manylinux_2_17_aarch64.manylinux2014_aarch64.whl", hash = "sha256:3cf34efa60eb81dd2645a2e13e00bb98b76c35ab5061a3989c7a70f78c85006d", size = 347644, upload-time = "2025-06-10T00:44:59.071Z" },
    { url = "https://files.pythonhosted.org/packages/89/47/78b7f40d13c8f62b499cc702fdf69e090455518ae544c00a3bf4afc9fc77/yarl-1.20.1-cp313-cp313t-manylinux_2_17_armv7l.manylinux2014_armv7l.manylinux_2_31_armv7l.whl", hash = "sha256:8e0fe9364ad0fddab2688ce72cb7a8e61ea42eff3c7caeeb83874a5d479c896c", size = 323452, upload-time = "2025-06-10T00:45:01.605Z" },
    { url = "https://files.pythonhosted.org/packages/eb/2b/490d3b2dc66f52987d4ee0d3090a147ea67732ce6b4d61e362c1846d0d32/yarl-1.20.1-cp313-cp313t-manylinux_2_17_ppc64le.manylinux2014_ppc64le.whl", hash = "sha256:8f64fbf81878ba914562c672024089e3401974a39767747691c65080a67b18c1", size = 346378, upload-time = "2025-06-10T00:45:03.946Z" },
    { url = "https://files.pythonhosted.org/packages/66/ad/775da9c8a94ce925d1537f939a4f17d782efef1f973039d821cbe4bcc211/yarl-1.20.1-cp313-cp313t-manylinux_2_17_s390x.manylinux2014_s390x.whl", hash = "sha256:f6342d643bf9a1de97e512e45e4b9560a043347e779a173250824f8b254bd5ce", size = 353261, upload-time = "2025-06-10T00:45:05.992Z" },
    { url = "https://files.pythonhosted.org/packages/4b/23/0ed0922b47a4f5c6eb9065d5ff1e459747226ddce5c6a4c111e728c9f701/yarl-1.20.1-cp313-cp313t-manylinux_2_17_x86_64.manylinux2014_x86_64.whl", hash = "sha256:56dac5f452ed25eef0f6e3c6a066c6ab68971d96a9fb441791cad0efba6140d3", size = 335987, upload-time = "2025-06-10T00:45:08.227Z" },
    { url = "https://files.pythonhosted.org/packages/3e/49/bc728a7fe7d0e9336e2b78f0958a2d6b288ba89f25a1762407a222bf53c3/yarl-1.20.1-cp313-cp313t-manylinux_2_5_i686.manylinux1_i686.manylinux_2_17_i686.manylinux2014_i686.whl", hash = "sha256:c7d7f497126d65e2cad8dc5f97d34c27b19199b6414a40cb36b52f41b79014be", size = 329361, upload-time = "2025-06-10T00:45:10.11Z" },
    { url = "https://files.pythonhosted.org/packages/93/8f/b811b9d1f617c83c907e7082a76e2b92b655400e61730cd61a1f67178393/yarl-1.20.1-cp313-cp313t-musllinux_1_2_aarch64.whl", hash = "sha256:67e708dfb8e78d8a19169818eeb5c7a80717562de9051bf2413aca8e3696bf16", size = 346460, upload-time = "2025-06-10T00:45:12.055Z" },
    { url = "https://files.pythonhosted.org/packages/70/fd/af94f04f275f95da2c3b8b5e1d49e3e79f1ed8b6ceb0f1664cbd902773ff/yarl-1.20.1-cp313-cp313t-musllinux_1_2_armv7l.whl", hash = "sha256:595c07bc79af2494365cc96ddeb772f76272364ef7c80fb892ef9d0649586513", size = 334486, upload-time = "2025-06-10T00:45:13.995Z" },
    { url = "https://files.pythonhosted.org/packages/84/65/04c62e82704e7dd0a9b3f61dbaa8447f8507655fd16c51da0637b39b2910/yarl-1.20.1-cp313-cp313t-musllinux_1_2_i686.whl", hash = "sha256:7bdd2f80f4a7df852ab9ab49484a4dee8030023aa536df41f2d922fd57bf023f", size = 342219, upload-time = "2025-06-10T00:45:16.479Z" },
    { url = "https://files.pythonhosted.org/packages/91/95/459ca62eb958381b342d94ab9a4b6aec1ddec1f7057c487e926f03c06d30/yarl-1.20.1-cp313-cp313t-musllinux_1_2_ppc64le.whl", hash = "sha256:c03bfebc4ae8d862f853a9757199677ab74ec25424d0ebd68a0027e9c639a390", size = 350693, upload-time = "2025-06-10T00:45:18.399Z" },
    { url = "https://files.pythonhosted.org/packages/a6/00/d393e82dd955ad20617abc546a8f1aee40534d599ff555ea053d0ec9bf03/yarl-1.20.1-cp313-cp313t-musllinux_1_2_s390x.whl", hash = "sha256:344d1103e9c1523f32a5ed704d576172d2cabed3122ea90b1d4e11fe17c66458", size = 355803, upload-time = "2025-06-10T00:45:20.677Z" },
    { url = "https://files.pythonhosted.org/packages/9e/ed/c5fb04869b99b717985e244fd93029c7a8e8febdfcffa06093e32d7d44e7/yarl-1.20.1-cp313-cp313t-musllinux_1_2_x86_64.whl", hash = "sha256:88cab98aa4e13e1ade8c141daeedd300a4603b7132819c484841bb7af3edce9e", size = 341709, upload-time = "2025-06-10T00:45:23.221Z" },
    { url = "https://files.pythonhosted.org/packages/24/fd/725b8e73ac2a50e78a4534ac43c6addf5c1c2d65380dd48a9169cc6739a9/yarl-1.20.1-cp313-cp313t-win32.whl", hash = "sha256:b121ff6a7cbd4abc28985b6028235491941b9fe8fe226e6fdc539c977ea1739d", size = 86591, upload-time = "2025-06-10T00:45:25.793Z" },
    { url = "https://files.pythonhosted.org/packages/94/c3/b2e9f38bc3e11191981d57ea08cab2166e74ea770024a646617c9cddd9f6/yarl-1.20.1-cp313-cp313t-win_amd64.whl", hash = "sha256:541d050a355bbbc27e55d906bc91cb6fe42f96c01413dd0f4ed5a5240513874f", size = 93003, upload-time = "2025-06-10T00:45:27.752Z" },
    { url = "https://files.pythonhosted.org/packages/b4/2d/2345fce04cfd4bee161bf1e7d9cdc702e3e16109021035dbb24db654a622/yarl-1.20.1-py3-none-any.whl", hash = "sha256:83b8eb083fe4683c6115795d9fc1cfaf2cbbefb19b3a1cb68f6527460f483a77", size = 46542, upload-time = "2025-06-10T00:46:07.521Z" },
]
[[package]]
name = "zeroconf"
version = "0.147.2"
source = { registry = "https://pypi.org/simple" }
dependencies = [
    { name = "ifaddr" },
]
sdist = { url = "https://files.pythonhosted.org/packages/be/71/44d5afe5f160c0bbca6dff9ff03709c49bd9b23e0bf09dba84b1d4273ac0/zeroconf-0.147.2.tar.gz", hash = "sha256:2f91e2544433acfa928c8dbaea7af8bf0644e06904610799d6b762fd599d81bd", size = 164391, upload-time = "2025-09-05T20:33:34.616Z" }
wheels = [
    { url = "https://files.pythonhosted.org/packages/1e/d5/c1f80a071dc58a9fa2f4a8f8ee5a05d730a6500099c5b3d1580d74f0df7b/zeroconf-0.147.2-cp313-cp313-macosx_10_13_x86_64.whl", hash = "sha256:bb1a057d961f66423fe2f423cfc8a1d3ab854b520ac28e1226c200b916d07a4f", size = 1713789, upload-time = "2025-09-05T21:02:31.289Z" },
    { url = "https://files.pythonhosted.org/packages/98/70/2cfe2390af8f2489a3c16ecb27477f77aa95b0b8307db977e540893e5050/zeroconf-0.147.2-cp313-cp313-macosx_11_0_arm64.whl", hash = "sha256:d8cca1d4861d3b7c34d209e03e419a87ec96f5048870973b81f89483cf689c0b", size = 1683334, upload-time = "2025-09-05T21:02:33.464Z" },
    { url = "https://files.pythonhosted.org/packages/04/c7/cb0be06aa71067c59f52786fcbd3bfc6edcea9188019e88c647db1db9713/zeroconf-0.147.2-cp313-cp313-manylinux_2_17_aarch64.manylinux2014_aarch64.whl", hash = "sha256:7b7a95526c7185c1f828042d4321c4abe1f7c1781c6e2ed7d69551630ffd950f", size = 1998790, upload-time = "2025-09-05T21:02:35.112Z" },
    { url = "https://files.pythonhosted.org/packages/51/30/594a019872099f707ca42f752208e8dc87170736efe29c75d242b402b8ff/zeroconf-0.147.2-cp313-cp313-manylinux_2_17_i686.manylinux_2_5_i686.manylinux1_i686.manylinux2014_i686.whl", hash = "sha256:01d64386cf21b72659d070792faaa621e9c3dcc3f54361b38ac29afcb5f32ad4", size = 2144716, upload-time = "2025-09-05T21:02:37.025Z" },
    { url = "https://files.pythonhosted.org/packages/f2/e8/e3c2702cab548bd30b324d21430dd6e9764dbe68546a5dba9de8c02b543d/zeroconf-0.147.2-cp313-cp313-manylinux_2_17_x86_64.manylinux2014_x86_64.whl", hash = "sha256:fbdd3db8e53e8ff7f5f850613a46a22a828e490fbcd769e1acd2a8697aa66c77", size = 2091857, upload-time = "2025-09-05T21:02:38.797Z" },
    { url = "https://files.pythonhosted.org/packages/f1/85/031dc17fe5d538f0e0e4582b44c5aa208818c6a96b322787d0e720fab919/zeroconf-0.147.2-cp313-cp313-manylinux_2_31_armv7l.manylinux_2_17_armv7l.manylinux2014_armv7l.whl", hash = "sha256:de45086232034d079e8b732ab65caf4df338fbc93f9547d9001558d832018296", size = 1921535, upload-time = "2025-09-05T21:02:40.642Z" },
    { url = "https://files.pythonhosted.org/packages/54/13/fb485cc2389243bf056602721f04bbffa1ebd87e59948ffa4aadb26ab253/zeroconf-0.147.2-cp313-cp313-manylinux_2_36_x86_64.whl", hash = "sha256:45f4279c908b2ccdac5804392e47c728e3c128b4ec49d0945263fbc5829bf891", size = 2135592, upload-time = "2025-09-05T20:33:31.765Z" },
    { url = "https://files.pythonhosted.org/packages/bc/7c/7209ab3b49d9fa79a25c0c6f21cc0c9286933090a9ac8bb94c3d131ea163/zeroconf-0.147.2-cp313-cp313-musllinux_1_2_aarch64.whl", hash = "sha256:915bf241f3bb968dd37447551a114f42384b15e1a1778479fd7d0bf2c9898141", size = 2152702, upload-time = "2025-09-05T21:02:42.558Z" },
    { url = "https://files.pythonhosted.org/packages/90/c1/7d6e9f661552619d93484dca57f8ad25fb6199d5b7d85b32d05b4d686849/zeroconf-0.147.2-cp313-cp313-musllinux_1_2_armv7l.whl", hash = "sha256:47acc2d5117240afcb231dc669007ac1c25122094300aa1226143f16cff96406", size = 2005232, upload-time = "2025-09-05T21:02:44.232Z" },
    { url = "https://files.pythonhosted.org/packages/c5/4c/0f526a1d6653dcb3c461c760dbf72d8983be2a7a791bcd19e5a3ab38697d/zeroconf-0.147.2-cp313-cp313-musllinux_1_2_i686.whl", hash = "sha256:5bcf519c047a37c48684fdc8e2b5560be696ec1fbbc0099809fd9b36a6d4d2d4", size = 2310241, upload-time = "2025-09-05T21:02:45.998Z" },
    { url = "https://files.pythonhosted.org/packages/2d/43/f994811d1d452a7f2f74287f65701c4d002105249f68b78117ef9077bb8e/zeroconf-0.147.2-cp313-cp313-musllinux_1_2_x86_64.whl", hash = "sha256:5b0ab523d7be5bebf58aeada1ca7f5ae41c1ebbe69da8435bbf2c2581b4fb3ac", size = 2237360, upload-time = "2025-09-05T21:02:48.282Z" },
    { url = "https://files.pythonhosted.org/packages/a1/de/531cbe5226c8a564c9deb50387767072b8516b7bf6a862491e3d5f907207/zeroconf-0.147.2-cp313-cp313-win32.whl", hash = "sha256:de22c0306b35ef0ee23f4deaa9204f0ffc3600125c63cc277fc5a52b7021aaf6", size = 1290700, upload-time = "2025-09-05T21:02:50.021Z" },
    { url = "https://files.pythonhosted.org/packages/07/d6/db459936c2eb64349c72e34a8951e91f0cbb310f4a3a185d78e6106448dd/zeroconf-0.147.2-cp313-cp313-win_amd64.whl", hash = "sha256:c30a551d9a1df428ecce7816659314470f2bf36957a15905ff40560595bf61e9", size = 1528181, upload-time = "2025-09-05T21:02:51.901Z" },
]